
Microsoft Visual Studio Solution File, Format Version 12.00
# Visual Studio 2013
VisualStudioVersion = 12.0.21005.1
MinimumVisualStudioVersion = 10.0.40219.1
Project("{FAE04EC0-301F-11D3-BF4B-00C04F79EFBC}") = "MathCalc", "MathCalc\MathCalc.csproj", "{F52966CE-FEF7-4445-A430-CB3EEDF2FCAB}"
EndProject
Project("{FAE04EC0-301F-11D3-BF4B-00C04F79EFBC}") = "MethodsLibrary", "MethodsLibrary\MethodsLibrary.csproj", "{AA687493-4C51-4C5B-BF63-7FF93CFC8F4B}"
EndProject
Project("{FAE04EC0-301F-11D3-BF4B-00C04F79EFBC}") = "SwitchCase", "SwitchCase\SwitchCase.csproj", "{D44A77EE-5904-4B99-AC09-40B6A37C0F2F}"
EndProject
Global
	GlobalSection(SolutionConfigurationPlatforms) = preSolution
		Debug|Any CPU = Debug|Any CPU
		Release|Any CPU = Release|Any CPU
	EndGlobalSection
	GlobalSection(ProjectConfigurationPlatforms) = postSolution
		{F52966CE-FEF7-4445-A430-CB3EEDF2FCAB}.Debug|Any CPU.ActiveCfg = Debug|Any CPU
		{F52966CE-FEF7-4445-A430-CB3EEDF2FCAB}.Debug|Any CPU.Build.0 = Debug|Any CPU
		{F52966CE-FEF7-4445-A430-CB3EEDF2FCAB}.Release|Any CPU.ActiveCfg = Release|Any CPU
		{F52966CE-FEF7-4445-A430-CB3EEDF2FCAB}.Release|Any CPU.Build.0 = Release|Any CPU
		{AA687493-4C51-4C5B-BF63-7FF93CFC8F4B}.Debug|Any CPU.ActiveCfg = Debug|Any CPU
		{AA687493-4C51-4C5B-BF63-7FF93CFC8F4B}.Debug|Any CPU.Build.0 = Debug|Any CPU
		{AA687493-4C51-4C5B-BF63-7FF93CFC8F4B}.Release|Any CPU.ActiveCfg = Release|Any CPU
		{AA687493-4C51-4C5B-BF63-7FF93CFC8F4B}.Release|Any CPU.Build.0 = Release|Any CPU
		{D44A77EE-5904-4B99-AC09-40B6A37C0F2F}.Debug|Any CPU.ActiveCfg = Debug|Any CPU
		{D44A77EE-5904-4B99-AC09-40B6A37C0F2F}.Debug|Any CPU.Build.0 = Debug|Any CPU
		{D44A77EE-5904-4B99-AC09-40B6A37C0F2F}.Release|Any CPU.ActiveCfg = Release|Any CPU
		{D44A77EE-5904-4B99-AC09-40B6A37C0F2F}.Release|Any CPU.Build.0 = Release|Any CPU
	EndGlobalSection
	GlobalSection(SolutionProperties) = preSolution
		HideSolutionNode = FALSE
	EndGlobalSection
EndGlobal
